# THIS IS AN AUTOGENERATED FILE. DO NOT EDIT THIS FILE DIRECTLY.
# yarn lockfile v1


sizzle@^2.3.6:
  version "2.3.6"
  resolved "https://registry.yarnpkg.com/sizzle/-/sizzle-2.3.6.tgz#ecc604ba69e4848d879b6a7fcf5409a270c6c3ec"
  integrity sha512-abtd95IkbcMAaYk1Lux4k9Xz6wnQqyLy2aco9HGJ8jVaCDEcc+ug0hW8RdV6aIre3ycWXxPdcX0u7QL/1UaSoA==
